
Microsoft Visual Studio Solution File, Format Version 12.00
# Visual Studio Version 16
VisualStudioVersion = 16.0.31025.194
MinimumVisualStudioVersion = 10.0.40219.1
Project("{2150E333-8FDC-42A3-9474-1A3956D46DE8}") = "Library", "Library", "{614351C8-53E3-44B4-8282-1DDA9670246C}"
EndProject
Project("{9A19103F-16F7-4668-BE54-9A1E7A4F7556}") = "MdC.SocialNetWork.Core", "MdC.SocialNetWork.Core\MdC.SocialNetWork.Core.csproj", "{C8761681-09E8-437A-8015-10BA4A78439E}"
EndProject
Project("{9A19103F-16F7-4668-BE54-9A1E7A4F7556}") = "MdC.SocialNetWork.Data", "MdC.SocialNetWork.Data\MdC.SocialNetWork.Data.csproj", "{B567D93A-18AA-4BAC-A93A-BDA166BB2ED6}"
EndProject
Project("{2150E333-8FDC-42A3-9474-1A3956D46DE8}") = "UnitTests", "UnitTests", "{6DC14CFC-98D5-4248-8580-214781321C58}"
EndProject
Project("{9A19103F-16F7-4668-BE54-9A1E7A4F7556}") = "MdC.SocialNetWork.Core.Tests", "MdC.SocialNetWork.Core.Tests\MdC.SocialNetWork.Core.Tests.csproj", "{0A348BA0-7BDE-404C-9863-1D5A633C8345}"
EndProject
Project("{9A19103F-16F7-4668-BE54-9A1E7A4F7556}") = "MdC.SocialNetwork.Web", "MdC.SocialNetwork.Web\MdC.SocialNetwork.Web.csproj", "{64DF2248-B531-4DF1-AD53-129FC4B95FDE}"
EndProject
Global
	GlobalSection(SolutionConfigurationPlatforms) = preSolution
		Debug|Any CPU = Debug|Any CPU
		Release|Any CPU = Release|Any CPU
	EndGlobalSection
	GlobalSection(ProjectConfigurationPlatforms) = postSolution
		{C8761681-09E8-437A-8015-10BA4A78439E}.Debug|Any CPU.ActiveCfg = Debug|Any CPU
		{C8761681-09E8-437A-8015-10BA4A78439E}.Debug|Any CPU.Build.0 = Debug|Any CPU
		{C8761681-09E8-437A-8015-10BA4A78439E}.Release|Any CPU.ActiveCfg = Release|Any CPU
		{C8761681-09E8-437A-8015-10BA4A78439E}.Release|Any CPU.Build.0 = Release|Any CPU
		{B567D93A-18AA-4BAC-A93A-BDA166BB2ED6}.Debug|Any CPU.ActiveCfg = Debug|Any CPU
		{B567D93A-18AA-4BAC-A93A-BDA166BB2ED6}.Debug|Any CPU.Build.0 = Debug|Any CPU
		{B567D93A-18AA-4BAC-A93A-BDA166BB2ED6}.Release|Any CPU.ActiveCfg = Release|Any CPU
		{B567D93A-18AA-4BAC-A93A-BDA166BB2ED6}.Release|Any CPU.Build.0 = Release|Any CPU
		{0A348BA0-7BDE-404C-9863-1D5A633C8345}.Debug|Any CPU.ActiveCfg = Debug|Any CPU
		{0A348BA0-7BDE-404C-9863-1D5A633C8345}.Debug|Any CPU.Build.0 = Debug|Any CPU
		{0A348BA0-7BDE-404C-9863-1D5A633C8345}.Release|Any CPU.ActiveCfg = Release|Any CPU
		{0A348BA0-7BDE-404C-9863-1D5A633C8345}.Release|Any CPU.Build.0 = Release|Any CPU
		{64DF2248-B531-4DF1-AD53-129FC4B95FDE}.Debug|Any CPU.ActiveCfg = Debug|Any CPU
		{64DF2248-B531-4DF1-AD53-129FC4B95FDE}.Debug|Any CPU.Build.0 = Debug|Any CPU
		{64DF2248-B531-4DF1-AD53-129FC4B95FDE}.Release|Any CPU.ActiveCfg = Release|Any CPU
		{64DF2248-B531-4DF1-AD53-129FC4B95FDE}.Release|Any CPU.Build.0 = Release|Any CPU
	EndGlobalSection
	GlobalSection(SolutionProperties) = preSolution
		HideSolutionNode = FALSE
	EndGlobalSection
	GlobalSection(NestedProjects) = preSolution
		{C8761681-09E8-437A-8015-10BA4A78439E} = {614351C8-53E3-44B4-8282-1DDA9670246C}
		{B567D93A-18AA-4BAC-A93A-BDA166BB2ED6} = {614351C8-53E3-44B4-8282-1DDA9670246C}
		{0A348BA0-7BDE-404C-9863-1D5A633C8345} = {6DC14CFC-98D5-4248-8580-214781321C58}
	EndGlobalSection
	GlobalSection(ExtensibilityGlobals) = postSolution
		SolutionGuid = {93EAAD29-BA41-4A51-B389-3A83128470DF}
	EndGlobalSection
EndGlobal
